
Microsoft Visual Studio Solution File, Format Version 12.00
# Visual Studio Version 17
VisualStudioVersion = 17.4.33205.214
MinimumVisualStudioVersion = 10.0.40219.1
Project("{FAE04EC0-301F-11D3-BF4B-00C04F79EFBC}") = "AdoDemoApp", "AdoDemoApp\AdoDemoApp.csproj", "{0AC1F4BD-B98B-4F96-9818-305292240455}"
EndProject
Global
	GlobalSection(SolutionConfigurationPlatforms) = preSolution
		Debug|Any CPU = Debug|Any CPU
		Release|Any CPU = Release|Any CPU
	EndGlobalSection
	GlobalSection(ProjectConfigurationPlatforms) = postSolution
		{0AC1F4BD-B98B-4F96-9818-305292240455}.Debug|Any CPU.ActiveCfg = Debug|Any CPU
		{0AC1F4BD-B98B-4F96-9818-305292240455}.Debug|Any CPU.Build.0 = Debug|Any CPU
		{0AC1F4BD-B98B-4F96-9818-305292240455}.Release|Any CPU.ActiveCfg = Release|Any CPU
		{0AC1F4BD-B98B-4F96-9818-305292240455}.Release|Any CPU.Build.0 = Release|Any CPU
	EndGlobalSection
	GlobalSection(SolutionProperties) = preSolution
		HideSolutionNode = FALSE
	EndGlobalSection
	GlobalSection(ExtensibilityGlobals) = postSolution
		SolutionGuid = {564F679A-93BB-44FC-98FD-4FB4505ABAA3}
	EndGlobalSection
EndGlobal
